
Microsoft Visual Studio Solution File, Format Version 12.00
# Visual Studio Version 16
VisualStudioVersion = 16.0.32802.440
MinimumVisualStudioVersion = 10.0.40219.1
Project("{FAE04EC0-301F-11D3-BF4B-00C04F79EFBC}") = "ExNorOperation", "ExNorOperation\ExNorOperation.csproj", "{6DF5415D-5DF0-420C-A6C5-4AD10260C765}"
EndProject
Global
	GlobalSection(SolutionConfigurationPlatforms) = preSolution
		Debug|Any CPU = Debug|Any CPU
		Release|Any CPU = Release|Any CPU
	EndGlobalSection
	GlobalSection(ProjectConfigurationPlatforms) = postSolution
		{6DF5415D-5DF0-420C-A6C5-4AD10260C765}.Debug|Any CPU.ActiveCfg = Debug|Any CPU
		{6DF5415D-5DF0-420C-A6C5-4AD10260C765}.Debug|Any CPU.Build.0 = Debug|Any CPU
		{6DF5415D-5DF0-420C-A6C5-4AD10260C765}.Release|Any CPU.ActiveCfg = Release|Any CPU
		{6DF5415D-5DF0-420C-A6C5-4AD10260C765}.Release|Any CPU.Build.0 = Release|Any CPU
	EndGlobalSection
	GlobalSection(SolutionProperties) = preSolution
		HideSolutionNode = FALSE
	EndGlobalSection
	GlobalSection(ExtensibilityGlobals) = postSolution
		SolutionGuid = {0AF322A8-DE43-4104-9313-61BEB99D8974}
	EndGlobalSection
EndGlobal
