
Microsoft Visual Studio Solution File, Format Version 12.00
# Visual Studio Version 16
VisualStudioVersion = 16.0.32802.440
MinimumVisualStudioVersion = 10.0.40219.1
Project("{FAE04EC0-301F-11D3-BF4B-00C04F79EFBC}") = "CriticalSectionProblemExample", "CriticalSectionProblemExample\CriticalSectionProblemExample.csproj", "{46EBC48D-5A3B-4C59-9955-06D1DF4D40CD}"
EndProject
Global
	GlobalSection(SolutionConfigurationPlatforms) = preSolution
		Debug|Any CPU = Debug|Any CPU
		Release|Any CPU = Release|Any CPU
	EndGlobalSection
	GlobalSection(ProjectConfigurationPlatforms) = postSolution
		{46EBC48D-5A3B-4C59-9955-06D1DF4D40CD}.Debug|Any CPU.ActiveCfg = Debug|Any CPU
		{46EBC48D-5A3B-4C59-9955-06D1DF4D40CD}.Debug|Any CPU.Build.0 = Debug|Any CPU
		{46EBC48D-5A3B-4C59-9955-06D1DF4D40CD}.Release|Any CPU.ActiveCfg = Release|Any CPU
		{46EBC48D-5A3B-4C59-9955-06D1DF4D40CD}.Release|Any CPU.Build.0 = Release|Any CPU
	EndGlobalSection
	GlobalSection(SolutionProperties) = preSolution
		HideSolutionNode = FALSE
	EndGlobalSection
	GlobalSection(ExtensibilityGlobals) = postSolution
		SolutionGuid = {C40EB8BB-89FC-4CD7-B280-28560598C8EC}
	EndGlobalSection
EndGlobal
