
Microsoft Visual Studio Solution File, Format Version 12.00
# Visual Studio Version 16
VisualStudioVersion = 16.0.32802.440
MinimumVisualStudioVersion = 10.0.40219.1
Project("{FAE04EC0-301F-11D3-BF4B-00C04F79EFBC}") = "MaximumCostOfLaptopCount", "MaximumCostOfLaptopCount\MaximumCostOfLaptopCount.csproj", "{52BB9BEB-57E7-4406-8371-580DDE4F949C}"
EndProject
Global
	GlobalSection(SolutionConfigurationPlatforms) = preSolution
		Debug|Any CPU = Debug|Any CPU
		Release|Any CPU = Release|Any CPU
	EndGlobalSection
	GlobalSection(ProjectConfigurationPlatforms) = postSolution
		{52BB9BEB-57E7-4406-8371-580DDE4F949C}.Debug|Any CPU.ActiveCfg = Debug|Any CPU
		{52BB9BEB-57E7-4406-8371-580DDE4F949C}.Debug|Any CPU.Build.0 = Debug|Any CPU
		{52BB9BEB-57E7-4406-8371-580DDE4F949C}.Release|Any CPU.ActiveCfg = Release|Any CPU
		{52BB9BEB-57E7-4406-8371-580DDE4F949C}.Release|Any CPU.Build.0 = Release|Any CPU
	EndGlobalSection
	GlobalSection(SolutionProperties) = preSolution
		HideSolutionNode = FALSE
	EndGlobalSection
	GlobalSection(ExtensibilityGlobals) = postSolution
		SolutionGuid = {F4112C77-76F6-4C49-BE12-2ABB09DCDD2A}
	EndGlobalSection
EndGlobal
